
Microsoft Visual Studio Solution File, Format Version 12.00
# Visual Studio Version 17
VisualStudioVersion = 17.5.33627.172
MinimumVisualStudioVersion = 10.0.40219.1
Project("{FAE04EC0-301F-11D3-BF4B-00C04F79EFBC}") = "AzaRRoide.API", "AzaRRoide.API.csproj", "{C968E5B1-5D91-44EA-9AFD-E54CD0343344}"
EndProject
Project("{FAE04EC0-301F-11D3-BF4B-00C04F79EFBC}") = "AzaRRoide.Domain", "..\AzaRRoide.Domain\AzaRRoide.Domain.csproj", "{19A77468-E02A-4F14-9C4F-F69C6ABA89EC}"
EndProject
Project("{FAE04EC0-301F-11D3-BF4B-00C04F79EFBC}") = "AzaRRoide.Infra.Data", "..\AzaRRoide.Infra.Data\AzaRRoide.Infra.Data.csproj", "{D5EE54E2-F4DE-4416-AA40-B91C445CF1C2}"
EndProject
Project("{FAE04EC0-301F-11D3-BF4B-00C04F79EFBC}") = "AzaRRoide.Application", "..\AzaRRoide.Application\AzaRRoide.Application.csproj", "{430EF372-5CA5-4DC1-9C6E-AABFA7DFDC71}"
EndProject
Project("{FAE04EC0-301F-11D3-BF4B-00C04F79EFBC}") = "AzaRRoide.Infra.Ioc", "..\AzaRRoide.Infra.Ioc\AzaRRoide.Infra.Ioc.csproj", "{FA29E99B-AA4D-4639-B4F7-6C074408B455}"
EndProject
Global
	GlobalSection(SolutionConfigurationPlatforms) = preSolution
		Debug|Any CPU = Debug|Any CPU
		Release|Any CPU = Release|Any CPU
	EndGlobalSection
	GlobalSection(ProjectConfigurationPlatforms) = postSolution
		{C968E5B1-5D91-44EA-9AFD-E54CD0343344}.Debug|Any CPU.ActiveCfg = Debug|Any CPU
		{C968E5B1-5D91-44EA-9AFD-E54CD0343344}.Debug|Any CPU.Build.0 = Debug|Any CPU
		{C968E5B1-5D91-44EA-9AFD-E54CD0343344}.Release|Any CPU.ActiveCfg = Release|Any CPU
		{C968E5B1-5D91-44EA-9AFD-E54CD0343344}.Release|Any CPU.Build.0 = Release|Any CPU
		{19A77468-E02A-4F14-9C4F-F69C6ABA89EC}.Debug|Any CPU.ActiveCfg = Debug|Any CPU
		{19A77468-E02A-4F14-9C4F-F69C6ABA89EC}.Debug|Any CPU.Build.0 = Debug|Any CPU
		{19A77468-E02A-4F14-9C4F-F69C6ABA89EC}.Release|Any CPU.ActiveCfg = Release|Any CPU
		{19A77468-E02A-4F14-9C4F-F69C6ABA89EC}.Release|Any CPU.Build.0 = Release|Any CPU
		{D5EE54E2-F4DE-4416-AA40-B91C445CF1C2}.Debug|Any CPU.ActiveCfg = Debug|Any CPU
		{D5EE54E2-F4DE-4416-AA40-B91C445CF1C2}.Debug|Any CPU.Build.0 = Debug|Any CPU
		{D5EE54E2-F4DE-4416-AA40-B91C445CF1C2}.Release|Any CPU.ActiveCfg = Release|Any CPU
		{D5EE54E2-F4DE-4416-AA40-B91C445CF1C2}.Release|Any CPU.Build.0 = Release|Any CPU
		{430EF372-5CA5-4DC1-9C6E-AABFA7DFDC71}.Debug|Any CPU.ActiveCfg = Debug|Any CPU
		{430EF372-5CA5-4DC1-9C6E-AABFA7DFDC71}.Debug|Any CPU.Build.0 = Debug|Any CPU
		{430EF372-5CA5-4DC1-9C6E-AABFA7DFDC71}.Release|Any CPU.ActiveCfg = Release|Any CPU
		{430EF372-5CA5-4DC1-9C6E-AABFA7DFDC71}.Release|Any CPU.Build.0 = Release|Any CPU
		{FA29E99B-AA4D-4639-B4F7-6C074408B455}.Debug|Any CPU.ActiveCfg = Debug|Any CPU
		{FA29E99B-AA4D-4639-B4F7-6C074408B455}.Debug|Any CPU.Build.0 = Debug|Any CPU
		{FA29E99B-AA4D-4639-B4F7-6C074408B455}.Release|Any CPU.ActiveCfg = Release|Any CPU
		{FA29E99B-AA4D-4639-B4F7-6C074408B455}.Release|Any CPU.Build.0 = Release|Any CPU
	EndGlobalSection
	GlobalSection(SolutionProperties) = preSolution
		HideSolutionNode = FALSE
	EndGlobalSection
	GlobalSection(ExtensibilityGlobals) = postSolution
		SolutionGuid = {766E01BC-04EF-4FA1-9FFF-1026541BE5B9}
	EndGlobalSection
EndGlobal
